
Microsoft Visual Studio Solution File, Format Version 12.00
# Visual Studio Version 16
VisualStudioVersion = 16.0.30523.141
MinimumVisualStudioVersion = 10.0.40219.1
Project("{FAE04EC0-301F-11D3-BF4B-00C04F79EFBC}") = "MVCUsuario", "MVCUsuario\MVCUsuario.csproj", "{C220736A-0C7F-46B5-A0CC-FEBDD16BFA96}"
EndProject
Project("{FAE04EC0-301F-11D3-BF4B-00C04F79EFBC}") = "MVCUsuario.Tests", "MVCUsuario.Tests\MVCUsuario.Tests.csproj", "{8876C166-3FFA-4E02-9E34-3B307B9E0A5E}"
EndProject
Project("{FAE04EC0-301F-11D3-BF4B-00C04F79EFBC}") = "ServicioWCF", "ServicioWCF\ServicioWCF.csproj", "{C6B457EE-FE77-4D47-B22D-C1FD4AABD5FD}"
EndProject
Global
	GlobalSection(SolutionConfigurationPlatforms) = preSolution
		Debug|Any CPU = Debug|Any CPU
		Release|Any CPU = Release|Any CPU
	EndGlobalSection
	GlobalSection(ProjectConfigurationPlatforms) = postSolution
		{C220736A-0C7F-46B5-A0CC-FEBDD16BFA96}.Debug|Any CPU.ActiveCfg = Debug|Any CPU
		{C220736A-0C7F-46B5-A0CC-FEBDD16BFA96}.Debug|Any CPU.Build.0 = Debug|Any CPU
		{C220736A-0C7F-46B5-A0CC-FEBDD16BFA96}.Release|Any CPU.ActiveCfg = Release|Any CPU
		{C220736A-0C7F-46B5-A0CC-FEBDD16BFA96}.Release|Any CPU.Build.0 = Release|Any CPU
		{8876C166-3FFA-4E02-9E34-3B307B9E0A5E}.Debug|Any CPU.ActiveCfg = Debug|Any CPU
		{8876C166-3FFA-4E02-9E34-3B307B9E0A5E}.Debug|Any CPU.Build.0 = Debug|Any CPU
		{8876C166-3FFA-4E02-9E34-3B307B9E0A5E}.Release|Any CPU.ActiveCfg = Release|Any CPU
		{8876C166-3FFA-4E02-9E34-3B307B9E0A5E}.Release|Any CPU.Build.0 = Release|Any CPU
		{C6B457EE-FE77-4D47-B22D-C1FD4AABD5FD}.Debug|Any CPU.ActiveCfg = Debug|Any CPU
		{C6B457EE-FE77-4D47-B22D-C1FD4AABD5FD}.Debug|Any CPU.Build.0 = Debug|Any CPU
		{C6B457EE-FE77-4D47-B22D-C1FD4AABD5FD}.Release|Any CPU.ActiveCfg = Release|Any CPU
		{C6B457EE-FE77-4D47-B22D-C1FD4AABD5FD}.Release|Any CPU.Build.0 = Release|Any CPU
	EndGlobalSection
	GlobalSection(SolutionProperties) = preSolution
		HideSolutionNode = FALSE
	EndGlobalSection
	GlobalSection(ExtensibilityGlobals) = postSolution
		SolutionGuid = {E44CB9D6-8902-45A2-9E82-A4C74C6B4470}
	EndGlobalSection
EndGlobal
